
Microsoft Visual Studio Solution File, Format Version 12.00
# Visual Studio 2013
VisualStudioVersion = 12.0.31101.0
MinimumVisualStudioVersion = 10.0.40219.1
Project("{FAE04EC0-301F-11D3-BF4B-00C04F79EFBC}") = "Core", "Core\Core.csproj", "{EE704DFD-90C2-4DA3-8CAE-DED7A9A5EDC8}"
EndProject
Project("{FAE04EC0-301F-11D3-BF4B-00C04F79EFBC}") = "TwitterMongo", "TwitterMongo\TwitterMongo.csproj", "{95C2C381-18D4-4636-AF49-FBC5848D003A}"
EndProject
Global
	GlobalSection(TeamFoundationVersionControl) = preSolution
		SccNumberOfProjects = 3
		SccEnterpriseProvider = {4CA58AB2-18FA-4F8D-95D4-32DDF27D184C}
		SccTeamFoundationServer = https://codegustavo.visualstudio.com/defaultcollection
		SccLocalPath0 = .
		SccProjectUniqueName1 = Core\\Core.csproj
		SccProjectName1 = Core
		SccLocalPath1 = Core
		SccProjectUniqueName2 = TwitterMongo\\TwitterMongo.csproj
		SccProjectName2 = TwitterMongo
		SccLocalPath2 = TwitterMongo
	EndGlobalSection
	GlobalSection(SolutionConfigurationPlatforms) = preSolution
		Debug|Any CPU = Debug|Any CPU
		Release|Any CPU = Release|Any CPU
	EndGlobalSection
	GlobalSection(ProjectConfigurationPlatforms) = postSolution
		{EE704DFD-90C2-4DA3-8CAE-DED7A9A5EDC8}.Debug|Any CPU.ActiveCfg = Debug|Any CPU
		{EE704DFD-90C2-4DA3-8CAE-DED7A9A5EDC8}.Debug|Any CPU.Build.0 = Debug|Any CPU
		{EE704DFD-90C2-4DA3-8CAE-DED7A9A5EDC8}.Release|Any CPU.ActiveCfg = Release|Any CPU
		{EE704DFD-90C2-4DA3-8CAE-DED7A9A5EDC8}.Release|Any CPU.Build.0 = Release|Any CPU
		{95C2C381-18D4-4636-AF49-FBC5848D003A}.Debug|Any CPU.ActiveCfg = Debug|Any CPU
		{95C2C381-18D4-4636-AF49-FBC5848D003A}.Debug|Any CPU.Build.0 = Debug|Any CPU
		{95C2C381-18D4-4636-AF49-FBC5848D003A}.Release|Any CPU.ActiveCfg = Release|Any CPU
		{95C2C381-18D4-4636-AF49-FBC5848D003A}.Release|Any CPU.Build.0 = Release|Any CPU
	EndGlobalSection
	GlobalSection(SolutionProperties) = preSolution
		HideSolutionNode = FALSE
	EndGlobalSection
EndGlobal
